// !$*UTF8*$!
{
	archiveVersion = 1;
	classes = {
	};
	objectVersion = 46;
	objects = {

/* Begin PBXBuildFile section */
		81F8C0491B67BA7D001B9203 /* AppDelegate.swift in Sources */ = {isa = PBXBuildFile; fileRef = 81F8C0481B67BA7D001B9203 /* AppDelegate.swift */; };
		81F8C04C1B67BA7D001B9203 /* Saloof.xcdatamodeld in Sources */ = {isa = PBXBuildFile; fileRef = 81F8C04A1B67BA7D001B9203 /* Saloof.xcdatamodeld */; };
		81F8C04E1B67BA7D001B9203 /* ViewController.swift in Sources */ = {isa = PBXBuildFile; fileRef = 81F8C04D1B67BA7D001B9203 /* ViewController.swift */; };
		81F8C0511B67BA7D001B9203 /* Main.storyboard in Resources */ = {isa = PBXBuildFile; fileRef = 81F8C04F1B67BA7D001B9203 /* Main.storyboard */; };
		81F8C0531B67BA7D001B9203 /* Images.xcassets in Resources */ = {isa = PBXBuildFile; fileRef = 81F8C0521B67BA7D001B9203 /* Images.xcassets */; };
		81F8C0561B67BA7D001B9203 /* LaunchScreen.xib in Resources */ = {isa = PBXBuildFile; fileRef = 81F8C0541B67BA7D001B9203 /* LaunchScreen.xib */; };
		81F8C0621B67BA7D001B9203 /* SaloofTests.swift in Sources */ = {isa = PBXBuildFile; fileRef = 81F8C0611B67BA7D001B9203 /* SaloofTests.swift */; };
/* End PBXBuildFile section */

/* Begin PBXContainerItemProxy section */
		81F8C05C1B67BA7D001B9203 /* PBXContainerItemProxy */ = {
			isa = PBXContainerItemProxy;
			containerPortal = 81F8C03B1B67BA7D001B9203 /* Project object */;
			proxyType = 1;
			remoteGlobalIDString = 81F8C0421B67BA7D001B9203;
			remoteInfo = Saloof;
		};
/* End PBXContainerItemProxy section */

/* Begin PBXFileReference section */
		81F8C0431B67BA7D001B9203 /* Saloof.app */ = {isa = PBXFileReference; explicitFileType = wrapper.application; includeInIndex = 0; path = Saloof.app; sourceTree = BUILT_PRODUCTS_DIR; };
		81F8C0471B67BA7D001B9203 /* Info.plist */ = {isa = PBXFileReference; lastKnownFileType = text.plist.xml; path = Info.plist; sourceTree = "<group>"; };
		81F8C0481B67BA7D001B9203 /* AppDelegate.swift */ = {isa = PBXFileReference; lastKnownFileType = sourcecode.swift; path = AppDelegate.swift; sourceTree = "<group>"; };
		81F8C04B1B67BA7D001B9203 /* Saloof.xcdatamodel */ = {isa = PBXFileReference; lastKnownFileType = wrapper.xcdatamodel; path = Saloof.xcdatamodel; sourceTree = "<group>"; };
		81F8C04D1B67BA7D001B9203 /* ViewController.swift */ = {isa = PBXFileReference; lastKnownFileType = sourcecode.swift; path = ViewController.swift; sourceTree = "<group>"; };
		81F8C0501B67BA7D001B9203 /* Base */ = {isa = PBXFileReference; lastKnownFileType = file.storyboard; name = Base; path = Base.lproj/Main.storyboard; sourceTree = "<group>"; };
		81F8C0521B67BA7D001B9203 /* Images.xcassets */ = {isa = PBXFileReference; lastKnownFileType = folder.assetcatalog; path = Images.xcassets; sourceTree = "<group>"; };
		81F8C0551B67BA7D001B9203 /* Base */ = {isa = PBXFileReference; lastKnownFileType = file.xib; name = Base; path = Base.lproj/LaunchScreen.xib; sourceTree = "<group>"; };
		81F8C05B1B67BA7D001B9203 /* SaloofTests.xctest */ = {isa = PBXFileReference; explicitFileType = wrapper.cfbundle; includeInIndex = 0; path = SaloofTests.xctest; sourceTree = BUILT_PRODUCTS_DIR; };
		81F8C0601B67BA7D001B9203 /* Info.plist */ = {isa = PBXFileReference; lastKnownFileType = text.plist.xml; path = Info.plist; sourceTree = "<group>"; };
		81F8C0611B67BA7D001B9203 /* SaloofTests.swift */ = {isa = PBXFileReference; lastKnownFileType = sourcecode.swift; path = SaloofTests.swift; sourceTree = "<group>"; };
/* End PBXFileReference section */

/* Begin PBXFrameworksBuildPhase section */
		81F8C0401B67BA7D001B9203 /* Frameworks */ = {
			isa = PBXFrameworksBuildPhase;
			buildActionMask = 2147483647;
			files = (
			);
			runOnlyForDeploymentPostprocessing = 0;
		};
		81F8C0581B67BA7D001B9203 /* Frameworks */ = {
			isa = PBXFrameworksBuildPhase;
			buildActionMask = 2147483647;
			files = (
			);
			runOnlyForDeploymentPostprocessing = 0;
		};
/* End PBXFrameworksBuildPhase section */

/* Begin PBXGroup section */
		81F8C03A1B67BA7D001B9203 = {
			isa = PBXGroup;
			children = (
				81F8C0451B67BA7D001B9203 /* Saloof */,
				81F8C05E1B67BA7D001B9203 /* SaloofTests */,
				81F8C0441B67BA7D001B9203 /* Products */,
			);
			sourceTree = "<group>";
		};
		81F8C0441B67BA7D001B9203 /* Products */ = {
			isa = PBXGroup;
			children = (
				81F8C0431B67BA7D001B9203 /* Saloof.app */,
				81F8C05B1B67BA7D001B9203 /* SaloofTests.xctest */,
			);
			name = Products;
			sourceTree = "<group>";
		};
		81F8C0451B67BA7D001B9203 /* Saloof */ = {
			isa = PBXGroup;
			children = (
				81F8C0481B67BA7D001B9203 /* AppDelegate.swift */,
				81F8C04D1B67BA7D001B9203 /* ViewController.swift */,
				81F8C04F1B67BA7D001B9203 /* Main.storyboard */,
				81F8C0521B67BA7D001B9203 /* Images.xcassets */,
				81F8C0541B67BA7D001B9203 /* LaunchScreen.xib */,
				81F8C04A1B67BA7D001B9203 /* Saloof.xcdatamodeld */,
				81F8C0461B67BA7D001B9203 /* Supporting Files */,
			);
			path = Saloof;
			sourceTree = "<group>";
		};
		81F8C0461B67BA7D001B9203 /* Supporting Files */ = {
			isa = PBXGroup;
			children = (
				81F8C0471B67BA7D001B9203 /* Info.plist */,
			);
			name = "Supporting Files";
			sourceTree = "<group>";
		};
		81F8C05E1B67BA7D001B9203 /* SaloofTests */ = {
			isa = PBXGroup;
			children = (
				81F8C0611B67BA7D001B9203 /* SaloofTests.swift */,
				81F8C05F1B67BA7D001B9203 /* Supporting Files */,
			);
			path = SaloofTests;
			sourceTree = "<group>";
		};
		81F8C05F1B67BA7D001B9203 /* Supporting Files */ = {
			isa = PBXGroup;
			children = (
				81F8C0601B67BA7D001B9203 /* Info.plist */,
			);
			name = "Supporting Files";
			sourceTree = "<group>";
		};
/* End PBXGroup section */

/* Begin PBXNativeTarget section */
		81F8C0421B67BA7D001B9203 /* Saloof */ = {
			isa = PBXNativeTarget;
			buildConfigurationList = 81F8C0651B67BA7D001B9203 /* Build configuration list for PBXNativeTarget "Saloof" */;
			buildPhases = (
				81F8C03F1B67BA7D001B9203 /* Sources */,
				81F8C0401B67BA7D001B9203 /* Frameworks */,
				81F8C0411B67BA7D001B9203 /* Resources */,
			);
			buildRules = (
			);
			dependencies = (
			);
			name = Saloof;
			productName = Saloof;
			productReference = 81F8C0431B67BA7D001B9203 /* Saloof.app */;
			productType = "com.apple.product-type.application";
		};
		81F8C05A1B67BA7D001B9203 /* SaloofTests */ = {
			isa = PBXNativeTarget;
			buildConfigurationList = 81F8C0681B67BA7D001B9203 /* Build configuration list for PBXNativeTarget "SaloofTests" */;
			buildPhases = (
				81F8C0571B67BA7D001B9203 /* Sources */,
				81F8C0581B67BA7D001B9203 /* Frameworks */,
				81F8C0591B67BA7D001B9203 /* Resources */,
			);
			buildRules = (
			);
			dependencies = (
				81F8C05D1B67BA7D001B9203 /* PBXTargetDependency */,
			);
			name = SaloofTests;
			productName = SaloofTests;
			productReference = 81F8C05B1B67BA7D001B9203 /* SaloofTests.xctest */;
			productType = "com.apple.product-type.bundle.unit-test";
		};
/* End PBXNativeTarget section */

/* Begin PBXProject section */
		81F8C03B1B67BA7D001B9203 /* Project object */ = {
			isa = PBXProject;
			attributes = {
				LastUpgradeCheck = 0640;
				ORGANIZATIONNAME = SNASTek;
				TargetAttributes = {
					81F8C0421B67BA7D001B9203 = {
						CreatedOnToolsVersion = 6.4;
					};
					81F8C05A1B67BA7D001B9203 = {
						CreatedOnToolsVersion = 6.4;
						TestTargetID = 81F8C0421B67BA7D001B9203;
					};
				};
			};
			buildConfigurationList = 81F8C03E1B67BA7D001B9203 /* Build configuration list for PBXProject "Saloof" */;
			compatibilityVersion = "Xcode 3.2";
			developmentRegion = English;
			hasScannedForEncodings = 0;
			knownRegions = (
				en,
				Base,
			);
			mainGroup = 81F8C03A1B67BA7D001B9203;
			productRefGroup = 81F8C0441B67BA7D001B9203 /* Products */;
			projectDirPath = "";
			projectRoot = "";
			targets = (
				81F8C0421B67BA7D001B9203 /* Saloof */,
				81F8C05A1B67BA7D001B9203 /* SaloofTests */,
			);
		};
/* End PBXProject section */

/* Begin PBXResourcesBuildPhase section */
		81F8C0411B67BA7D001B9203 /* Resources */ = {
			isa = PBXResourcesBuildPhase;
			buildActionMask = 2147483647;
			files = (
				81F8C0511B67BA7D001B9203 /* Main.storyboard in Resources */,
				81F8C0561B67BA7D001B9203 /* LaunchScreen.xib in Resources */,
				81F8C0531B67BA7D001B9203 /* Images.xcassets in Resources */,
			);
			runOnlyForDeploymentPostprocessing = 0;
		};
		81F8C0591B67BA7D001B9203 /* Resources */ = {
			isa = PBXResourcesBuildPhase;
			buildActionMask = 2147483647;
			files = (
			);
			runOnlyForDeploymentPostprocessing = 0;
		};
/* End PBXResourcesBuildPhase section */

/* Begin PBXSourcesBuildPhase section */
		81F8C03F1B67BA7D001B9203 /* Sources */ = {
			isa = PBXSourcesBuildPhase;
			buildActionMask = 2147483647;
			files = (
				81F8C04E1B67BA7D001B9203 /* ViewController.swift in Sources */,
				81F8C0491B67BA7D001B9203 /* AppDelegate.swift in Sources */,
				81F8C04C1B67BA7D001B9203 /* Saloof.xcdatamodeld in Sources */,
			);
			runOnlyForDeploymentPostprocessing = 0;
		};
		81F8C0571B67BA7D001B9203 /* Sources */ = {
			isa = PBXSourcesBuildPhase;
			buildActionMask = 2147483647;
			files = (
				81F8C0621B67BA7D001B9203 /* SaloofTests.swift in Sources */,
			);
			runOnlyForDeploymentPostprocessing = 0;
		};
/* End PBXSourcesBuildPhase section */

/* Begin PBXTargetDependency section */
		81F8C05D1B67BA7D001B9203 /* PBXTargetDependency */ = {
			isa = PBXTargetDependency;
			target = 81F8C0421B67BA7D001B9203 /* Saloof */;
			targetProxy = 81F8C05C1B67BA7D001B9203 /* PBXContainerItemProxy */;
		};
/* End PBXTargetDependency section */

/* Begin PBXVariantGroup section */
		81F8C04F1B67BA7D001B9203 /* Main.storyboard */ = {
			isa = PBXVariantGroup;
			children = (
				81F8C0501B67BA7D001B9203 /* Base */,
			);
			name = Main.storyboard;
			sourceTree = "<group>";
		};
		81F8C0541B67BA7D001B9203 /* LaunchScreen.xib */ = {
			isa = PBXVariantGroup;
			children = (
				81F8C0551B67BA7D001B9203 /* Base */,
			);
			name = LaunchScreen.xib;
			sourceTree = "<group>";
		};
/* End PBXVariantGroup section */

/* Begin XCBuildConfiguration section */
		81F8C0631B67BA7D001B9203 /* Debug */ = {
			isa = XCBuildConfiguration;
			buildSettings = {
				ALWAYS_SEARCH_USER_PATHS = NO;
				CLANG_CXX_LANGUAGE_STANDARD = "gnu++0x";
				CLANG_CXX_LIBRARY = "libc++";
				CLANG_ENABLE_MODULES = YES;
				CLANG_ENABLE_OBJC_ARC = YES;
				CLANG_WARN_BOOL_CONVERSION = YES;
				CLANG_WARN_CONSTANT_CONVERSION = YES;
				CLANG_WARN_DIRECT_OBJC_ISA_USAGE = YES_ERROR;
				CLANG_WARN_EMPTY_BODY = YES;
				CLANG_WARN_ENUM_CONVERSION = YES;
				CLANG_WARN_INT_CONVERSION = YES;
				CLANG_WARN_OBJC_ROOT_CLASS = YES_ERROR;
				CLANG_WARN_UNREACHABLE_CODE = YES;
				CLANG_WARN__DUPLICATE_METHOD_MATCH = YES;
				"CODE_SIGN_IDENTITY[sdk=iphoneos*]" = "iPhone Developer";
				COPY_PHASE_STRIP = NO;
				DEBUG_INFORMATION_FORMAT = "dwarf-with-dsym";
				ENABLE_STRICT_OBJC_MSGSEND = YES;
				GCC_C_LANGUAGE_STANDARD = gnu99;
				GCC_DYNAMIC_NO_PIC = NO;
				GCC_NO_COMMON_BLOCKS = YES;
				GCC_OPTIMIZATION_LEVEL = 0;
				GCC_PREPROCESSOR_DEFINITIONS = (
					"DEBUG=1",
					"$(inherited)",
				);
				GCC_SYMBOLS_PRIVATE_EXTERN = NO;
				GCC_WARN_64_TO_32_BIT_CONVERSION = YES;
				GCC_WARN_ABOUT_RETURN_TYPE = YES_ERROR;
				GCC_WARN_UNDECLARED_SELECTOR = YES;
				GCC_WARN_UNINITIALIZED_AUTOS = YES_AGGRESSIVE;
				GCC_WARN_UNUSED_FUNCTION = YES;
				GCC_WARN_UNUSED_VARIABLE = YES;
				IPHONEOS_DEPLOYMENT_TARGET = 8.4;
				MTL_ENABLE_DEBUG_INFO = YES;
				ONLY_ACTIVE_ARCH = YES;
				SDKROOT = iphoneos;
				SWIFT_OPTIMIZATION_LEVEL = "-Onone";
			};
			name = Debug;
		};
		81F8C0641B67BA7D001B9203 /* Release */ = {
			isa = XCBuildConfiguration;
			buildSettings = {
				ALWAYS_SEARCH_USER_PATHS = NO;
				CLANG_CXX_LANGUAGE_STANDARD = "gnu++0x";
				CLANG_CXX_LIBRARY = "libc++";
				CLANG_ENABLE_MODULES = YES;
				CLANG_ENABLE_OBJC_ARC = YES;
				CLANG_WARN_BOOL_CONVERSION = YES;
				CLANG_WARN_CONSTANT_CONVERSION = YES;
				CLANG_WARN_DIRECT_OBJC_ISA_USAGE = YES_ERROR;
				CLANG_WARN_EMPTY_BODY = YES;
				CLANG_WARN_ENUM_CONVERSION = YES;
				CLANG_WARN_INT_CONVERSION = YES;
				CLANG_WARN_OBJC_ROOT_CLASS = YES_ERROR;
				CLANG_WARN_UNREACHABLE_CODE = YES;
				CLANG_WARN__DUPLICATE_METHOD_MATCH = YES;
				"CODE_SIGN_IDENTITY[sdk=iphoneos*]" = "iPhone Developer";
				COPY_PHASE_STRIP = NO;
				DEBUG_INFORMATION_FORMAT = "dwarf-with-dsym";
				ENABLE_NS_ASSERTIONS = NO;
				ENABLE_STRICT_OBJC_MSGSEND = YES;
				GCC_C_LANGUAGE_STANDARD = gnu99;
				GCC_NO_COMMON_BLOCKS = YES;
				GCC_WARN_64_TO_32_BIT_CONVERSION = YES;
				GCC_WARN_ABOUT_RETURN_TYPE = YES_ERROR;
				GCC_WARN_UNDECLARED_SELECTOR = YES;
				GCC_WARN_UNINITIALIZED_AUTOS = YES_AGGRESSIVE;
				GCC_WARN_UNUSED_FUNCTION = YES;
				GCC_WARN_UNUSED_VARIABLE = YES;
				IPHONEOS_DEPLOYMENT_TARGET = 8.4;
				MTL_ENABLE_DEBUG_INFO = NO;
				SDKROOT = iphoneos;
				VALIDATE_PRODUCT = YES;
			};
			name = Release;
		};
		81F8C0661B67BA7D001B9203 /* Debug */ = {
			isa = XCBuildConfiguration;
			buildSettings = {
				ASSETCATALOG_COMPILER_APPICON_NAME = AppIcon;
				INFOPLIST_FILE = Saloof/Info.plist;
				LD_RUNPATH_SEARCH_PATHS = "$(inherited) @executable_path/Frameworks";
				PRODUCT_NAME = "$(TARGET_NAME)";
			};
			name = Debug;
		};
		81F8C0671B67BA7D001B9203 /* Release */ = {
			isa = XCBuildConfiguration;
			buildSettings = {
				ASSETCATALOG_COMPILER_APPICON_NAME = AppIcon;
				INFOPLIST_FILE = Saloof/Info.plist;
				LD_RUNPATH_SEARCH_PATHS = "$(inherited) @executable_path/Frameworks";
				PRODUCT_NAME = "$(TARGET_NAME)";
			};
			name = Release;
		};
		81F8C0691B67BA7D001B9203 /* Debug */ = {
			isa = XCBuildConfiguration;
			buildSettings = {
				BUNDLE_LOADER = "$(TEST_HOST)";
				FRAMEWORK_SEARCH_PATHS = (
					"$(SDKROOT)/Developer/Library/Frameworks",
					"$(inherited)",
				);
				GCC_PREPROCESSOR_DEFINITIONS = (
					"DEBUG=1",
					"$(inherited)",
				);
				INFOPLIST_FILE = SaloofTests/Info.plist;
				LD_RUNPATH_SEARCH_PATHS = "$(inherited) @executable_path/Frameworks @loader_path/Frameworks";
				PRODUCT_NAME = "$(TARGET_NAME)";
				TEST_HOST = "$(BUILT_PRODUCTS_DIR)/Saloof.app/Saloof";
			};
			name = Debug;
		};
		81F8C06A1B67BA7D001B9203 /* Release */ = {
			isa = XCBuildConfiguration;
			buildSettings = {
				BUNDLE_LOADER = "$(TEST_HOST)";
				FRAMEWORK_SEARCH_PATHS = (
					"$(SDKROOT)/Developer/Library/Frameworks",
					"$(inherited)",
				);
				INFOPLIST_FILE = SaloofTests/Info.plist;
				LD_RUNPATH_SEARCH_PATHS = "$(inherited) @executable_path/Frameworks @loader_path/Frameworks";
				PRODUCT_NAME = "$(TARGET_NAME)";
				TEST_HOST = "$(BUILT_PRODUCTS_DIR)/Saloof.app/Saloof";
			};
			name = Release;
		};
/* End XCBuildConfiguration section */

/* Begin XCConfigurationList section */
		81F8C03E1B67BA7D001B9203 /* Build configuration list for PBXProject "Saloof" */ = {
			isa = XCConfigurationList;
			buildConfigurations = (
				81F8C0631B67BA7D001B9203 /* Debug */,
				81F8C0641B67BA7D001B9203 /* Release */,
			);
			defaultConfigurationIsVisible = 0;
			defaultConfigurationName = Release;
		};
		81F8C0651B67BA7D001B9203 /* Build configuration list for PBXNativeTarget "Saloof" */ = {
			isa = XCConfigurationList;
			buildConfigurations = (
				81F8C0661B67BA7D001B9203 /* Debug */,
				81F8C0671B67BA7D001B9203 /* Release */,
			);
			defaultConfigurationIsVisible = 0;
		};
		81F8C0681B67BA7D001B9203 /* Build configuration list for PBXNativeTarget "SaloofTests" */ = {
			isa = XCConfigurationList;
			buildConfigurations = (
				81F8C0691B67BA7D001B9203 /* Debug */,
				81F8C06A1B67BA7D001B9203 /* Release */,
			);
			defaultConfigurationIsVisible = 0;
		};
/* End XCConfigurationList section */

/* Begin XCVersionGroup section */
		81F8C04A1B67BA7D001B9203 /* Saloof.xcdatamodeld */ = {
			isa = XCVersionGroup;
			children = (
				81F8C04B1B67BA7D001B9203 /* Saloof.xcdatamodel */,
			);
			currentVersion = 81F8C04B1B67BA7D001B9203 /* Saloof.xcdatamodel */;
			path = Saloof.xcdatamodeld;
			sourceTree = "<group>";
			versionGroupType = wrapper.xcdatamodel;
		};
/* End XCVersionGroup section */
	};
	rootObject = 81F8C03B1B67BA7D001B9203 /* Project object */;
}
